
Microsoft Visual Studio Solution File, Format Version 12.00
# Visual Studio Version 16
VisualStudioVersion = 16.0.30503.244
MinimumVisualStudioVersion = 10.0.40219.1
Project("{FAE04EC0-301F-11D3-BF4B-00C04F79EFBC}") = "DynamicUIControls.Android", "DynamicUIControls.Android\DynamicUIControls.Android.csproj", "{AC4E342D-78ED-4973-AFD0-5D6220D2E7B0}"
EndProject
Project("{FAE04EC0-301F-11D3-BF4B-00C04F79EFBC}") = "DynamicUIControls.iOS", "DynamicUIControls.iOS\DynamicUIControls.iOS.csproj", "{47215495-437D-41B3-B2C4-748AEB599C50}"
EndProject
Project("{FAE04EC0-301F-11D3-BF4B-00C04F79EFBC}") = "DynamicUIControls", "DynamicUIControls\DynamicUIControls.csproj", "{B0D36723-C816-4E90-B4B7-2EA647C53902}"
EndProject
Global
	GlobalSection(SolutionConfigurationPlatforms) = preSolution
		Debug|Any CPU = Debug|Any CPU
		Debug|iPhone = Debug|iPhone
		Debug|iPhoneSimulator = Debug|iPhoneSimulator
		Release|Any CPU = Release|Any CPU
		Release|iPhone = Release|iPhone
		Release|iPhoneSimulator = Release|iPhoneSimulator
	EndGlobalSection
	GlobalSection(ProjectConfigurationPlatforms) = postSolution
		{AC4E342D-78ED-4973-AFD0-5D6220D2E7B0}.Debug|Any CPU.ActiveCfg = Debug|Any CPU
		{AC4E342D-78ED-4973-AFD0-5D6220D2E7B0}.Debug|Any CPU.Build.0 = Debug|Any CPU
		{AC4E342D-78ED-4973-AFD0-5D6220D2E7B0}.Debug|Any CPU.Deploy.0 = Debug|Any CPU
		{AC4E342D-78ED-4973-AFD0-5D6220D2E7B0}.Debug|iPhone.ActiveCfg = Debug|Any CPU
		{AC4E342D-78ED-4973-AFD0-5D6220D2E7B0}.Debug|iPhone.Build.0 = Debug|Any CPU
		{AC4E342D-78ED-4973-AFD0-5D6220D2E7B0}.Debug|iPhone.Deploy.0 = Debug|Any CPU
		{AC4E342D-78ED-4973-AFD0-5D6220D2E7B0}.Debug|iPhoneSimulator.ActiveCfg = Debug|Any CPU
		{AC4E342D-78ED-4973-AFD0-5D6220D2E7B0}.Debug|iPhoneSimulator.Build.0 = Debug|Any CPU
		{AC4E342D-78ED-4973-AFD0-5D6220D2E7B0}.Debug|iPhoneSimulator.Deploy.0 = Debug|Any CPU
		{AC4E342D-78ED-4973-AFD0-5D6220D2E7B0}.Release|Any CPU.ActiveCfg = Release|Any CPU
		{AC4E342D-78ED-4973-AFD0-5D6220D2E7B0}.Release|Any CPU.Build.0 = Release|Any CPU
		{AC4E342D-78ED-4973-AFD0-5D6220D2E7B0}.Release|Any CPU.Deploy.0 = Release|Any CPU
		{AC4E342D-78ED-4973-AFD0-5D6220D2E7B0}.Release|iPhone.ActiveCfg = Release|Any CPU
		{AC4E342D-78ED-4973-AFD0-5D6220D2E7B0}.Release|iPhone.Build.0 = Release|Any CPU
		{AC4E342D-78ED-4973-AFD0-5D6220D2E7B0}.Release|iPhone.Deploy.0 = Release|Any CPU
		{AC4E342D-78ED-4973-AFD0-5D6220D2E7B0}.Release|iPhoneSimulator.ActiveCfg = Release|Any CPU
		{AC4E342D-78ED-4973-AFD0-5D6220D2E7B0}.Release|iPhoneSimulator.Build.0 = Release|Any CPU
		{AC4E342D-78ED-4973-AFD0-5D6220D2E7B0}.Release|iPhoneSimulator.Deploy.0 = Release|Any CPU
		{47215495-437D-41B3-B2C4-748AEB599C50}.Debug|Any CPU.ActiveCfg = Debug|iPhone
		{47215495-437D-41B3-B2C4-748AEB599C50}.Debug|Any CPU.Build.0 = Debug|iPhone
		{47215495-437D-41B3-B2C4-748AEB599C50}.Debug|Any CPU.Deploy.0 = Debug|iPhone
		{47215495-437D-41B3-B2C4-748AEB599C50}.Debug|iPhone.ActiveCfg = Debug|iPhone
		{47215495-437D-41B3-B2C4-748AEB599C50}.Debug|iPhone.Build.0 = Debug|iPhone
		{47215495-437D-41B3-B2C4-748AEB599C50}.Debug|iPhone.Deploy.0 = Debug|iPhone
		{47215495-437D-41B3-B2C4-748AEB599C50}.Debug|iPhoneSimulator.ActiveCfg = Debug|iPhoneSimulator
		{47215495-437D-41B3-B2C4-748AEB599C50}.Debug|iPhoneSimulator.Build.0 = Debug|iPhoneSimulator
		{47215495-437D-41B3-B2C4-748AEB599C50}.Debug|iPhoneSimulator.Deploy.0 = Debug|iPhoneSimulator
		{47215495-437D-41B3-B2C4-748AEB599C50}.Release|Any CPU.ActiveCfg = Release|iPhoneSimulator
		{47215495-437D-41B3-B2C4-748AEB599C50}.Release|Any CPU.Build.0 = Release|iPhoneSimulator
		{47215495-437D-41B3-B2C4-748AEB599C50}.Release|Any CPU.Deploy.0 = Release|iPhoneSimulator
		{47215495-437D-41B3-B2C4-748AEB599C50}.Release|iPhone.ActiveCfg = Release|iPhone
		{47215495-437D-41B3-B2C4-748AEB599C50}.Release|iPhone.Build.0 = Release|iPhone
		{47215495-437D-41B3-B2C4-748AEB599C50}.Release|iPhone.Deploy.0 = Release|iPhone
		{47215495-437D-41B3-B2C4-748AEB599C50}.Release|iPhoneSimulator.ActiveCfg = Release|iPhoneSimulator
		{47215495-437D-41B3-B2C4-748AEB599C50}.Release|iPhoneSimulator.Build.0 = Release|iPhoneSimulator
		{47215495-437D-41B3-B2C4-748AEB599C50}.Release|iPhoneSimulator.Deploy.0 = Release|iPhoneSimulator
		{B0D36723-C816-4E90-B4B7-2EA647C53902}.Debug|Any CPU.ActiveCfg = Debug|Any CPU
		{B0D36723-C816-4E90-B4B7-2EA647C53902}.Debug|Any CPU.Build.0 = Debug|Any CPU
		{B0D36723-C816-4E90-B4B7-2EA647C53902}.Debug|Any CPU.Deploy.0 = Debug|Any CPU
		{B0D36723-C816-4E90-B4B7-2EA647C53902}.Debug|iPhone.ActiveCfg = Debug|Any CPU
		{B0D36723-C816-4E90-B4B7-2EA647C53902}.Debug|iPhone.Build.0 = Debug|Any CPU
		{B0D36723-C816-4E90-B4B7-2EA647C53902}.Debug|iPhone.Deploy.0 = Debug|Any CPU
		{B0D36723-C816-4E90-B4B7-2EA647C53902}.Debug|iPhoneSimulator.ActiveCfg = Debug|Any CPU
		{B0D36723-C816-4E90-B4B7-2EA647C53902}.Debug|iPhoneSimulator.Build.0 = Debug|Any CPU
		{B0D36723-C816-4E90-B4B7-2EA647C53902}.Debug|iPhoneSimulator.Deploy.0 = Debug|Any CPU
		{B0D36723-C816-4E90-B4B7-2EA647C53902}.Release|Any CPU.ActiveCfg = Release|Any CPU
		{B0D36723-C816-4E90-B4B7-2EA647C53902}.Release|Any CPU.Build.0 = Release|Any CPU
		{B0D36723-C816-4E90-B4B7-2EA647C53902}.Release|Any CPU.Deploy.0 = Release|Any CPU
		{B0D36723-C816-4E90-B4B7-2EA647C53902}.Release|iPhone.ActiveCfg = Release|Any CPU
		{B0D36723-C816-4E90-B4B7-2EA647C53902}.Release|iPhone.Build.0 = Release|Any CPU
		{B0D36723-C816-4E90-B4B7-2EA647C53902}.Release|iPhone.Deploy.0 = Release|Any CPU
		{B0D36723-C816-4E90-B4B7-2EA647C53902}.Release|iPhoneSimulator.ActiveCfg = Release|Any CPU
		{B0D36723-C816-4E90-B4B7-2EA647C53902}.Release|iPhoneSimulator.Build.0 = Release|Any CPU
		{B0D36723-C816-4E90-B4B7-2EA647C53902}.Release|iPhoneSimulator.Deploy.0 = Release|Any CPU
	EndGlobalSection
	GlobalSection(SolutionProperties) = preSolution
		HideSolutionNode = FALSE
	EndGlobalSection
	GlobalSection(ExtensibilityGlobals) = postSolution
		SolutionGuid = {A7467BE2-643E-4FCF-A765-895D93DC8B24}
	EndGlobalSection
EndGlobal
